// !$*UTF8*$!
{
	archiveVersion = 1;
	classes = {
	};
	objectVersion = 48;
	objects = {

/* Begin PBXBuildFile section */
		E9BC80652038323500DDDC5B /* AppDelegate.swift in Sources */ = {isa = PBXBuildFile; fileRef = E9BC80642038323500DDDC5B /* AppDelegate.swift */; };
		E9BC80672038323500DDDC5B /* ViewController.swift in Sources */ = {isa = PBXBuildFile; fileRef = E9BC80662038323500DDDC5B /* ViewController.swift */; };
		E9BC806A2038323500DDDC5B /* Main.storyboard in Resources */ = {isa = PBXBuildFile; fileRef = E9BC80682038323500DDDC5B /* Main.storyboard */; };
		E9BC806C2038323500DDDC5B /* Assets.xcassets in Resources */ = {isa = PBXBuildFile; fileRef = E9BC806B2038323500DDDC5B /* Assets.xcassets */; };
		E9BC806F2038323500DDDC5B /* LaunchScreen.storyboard in Resources */ = {isa = PBXBuildFile; fileRef = E9BC806D2038323500DDDC5B /* LaunchScreen.storyboard */; };
		E9BC807A2038323600DDDC5B /* QuizTests.swift in Sources */ = {isa = PBXBuildFile; fileRef = E9BC80792038323600DDDC5B /* QuizTests.swift */; };
		E9BC80852038323600DDDC5B /* QuizUITests.swift in Sources */ = {isa = PBXBuildFile; fileRef = E9BC80842038323600DDDC5B /* QuizUITests.swift */; };
		E9BC8095203834D200DDDC5B /* PlayViewController.swift in Sources */ = {isa = PBXBuildFile; fileRef = E9BC8094203834D200DDDC5B /* PlayViewController.swift */; };
		E9BC8097203834DE00DDDC5B /* RankingViewController.swift in Sources */ = {isa = PBXBuildFile; fileRef = E9BC8096203834DE00DDDC5B /* RankingViewController.swift */; };
		E9BC80992038376500DDDC5B /* ResultViewController.swift in Sources */ = {isa = PBXBuildFile; fileRef = E9BC80982038376500DDDC5B /* ResultViewController.swift */; };
		E9BC809B2038397700DDDC5B /* shinokin.jpg in Resources */ = {isa = PBXBuildFile; fileRef = E9BC809A2038397600DDDC5B /* shinokin.jpg */; };
/* End PBXBuildFile section */

/* Begin PBXContainerItemProxy section */
		E9BC80762038323500DDDC5B /* PBXContainerItemProxy */ = {
			isa = PBXContainerItemProxy;
			containerPortal = E9BC80592038323500DDDC5B /* Project object */;
			proxyType = 1;
			remoteGlobalIDString = E9BC80602038323500DDDC5B;
			remoteInfo = Quiz;
		};
		E9BC80812038323600DDDC5B /* PBXContainerItemProxy */ = {
			isa = PBXContainerItemProxy;
			containerPortal = E9BC80592038323500DDDC5B /* Project object */;
			proxyType = 1;
			remoteGlobalIDString = E9BC80602038323500DDDC5B;
			remoteInfo = Quiz;
		};
/* End PBXContainerItemProxy section */

/* Begin PBXFileReference section */
		E9BC80612038323500DDDC5B /* Quiz.app */ = {isa = PBXFileReference; explicitFileType = wrapper.application; includeInIndex = 0; path = Quiz.app; sourceTree = BUILT_PRODUCTS_DIR; };
		E9BC80642038323500DDDC5B /* AppDelegate.swift */ = {isa = PBXFileReference; lastKnownFileType = sourcecode.swift; path = AppDelegate.swift; sourceTree = "<group>"; };
		E9BC80662038323500DDDC5B /* ViewController.swift */ = {isa = PBXFileReference; lastKnownFileType = sourcecode.swift; path = ViewController.swift; sourceTree = "<group>"; };
		E9BC80692038323500DDDC5B /* Base */ = {isa = PBXFileReference; lastKnownFileType = file.storyboard; name = Base; path = Base.lproj/Main.storyboard; sourceTree = "<group>"; };
		E9BC806B2038323500DDDC5B /* Assets.xcassets */ = {isa = PBXFileReference; lastKnownFileType = folder.assetcatalog; path = Assets.xcassets; sourceTree = "<group>"; };
		E9BC806E2038323500DDDC5B /* Base */ = {isa = PBXFileReference; lastKnownFileType = file.storyboard; name = Base; path = Base.lproj/LaunchScreen.storyboard; sourceTree = "<group>"; };
		E9BC80702038323500DDDC5B /* Info.plist */ = {isa = PBXFileReference; lastKnownFileType = text.plist.xml; path = Info.plist; sourceTree = "<group>"; };
		E9BC80752038323500DDDC5B /* QuizTests.xctest */ = {isa = PBXFileReference; explicitFileType = wrapper.cfbundle; includeInIndex = 0; path = QuizTests.xctest; sourceTree = BUILT_PRODUCTS_DIR; };
		E9BC80792038323600DDDC5B /* QuizTests.swift */ = {isa = PBXFileReference; lastKnownFileType = sourcecode.swift; path = QuizTests.swift; sourceTree = "<group>"; };
		E9BC807B2038323600DDDC5B /* Info.plist */ = {isa = PBXFileReference; lastKnownFileType = text.plist.xml; path = Info.plist; sourceTree = "<group>"; };
		E9BC80802038323600DDDC5B /* QuizUITests.xctest */ = {isa = PBXFileReference; explicitFileType = wrapper.cfbundle; includeInIndex = 0; path = QuizUITests.xctest; sourceTree = BUILT_PRODUCTS_DIR; };
		E9BC80842038323600DDDC5B /* QuizUITests.swift */ = {isa = PBXFileReference; lastKnownFileType = sourcecode.swift; path = QuizUITests.swift; sourceTree = "<group>"; };
		E9BC80862038323600DDDC5B /* Info.plist */ = {isa = PBXFileReference; lastKnownFileType = text.plist.xml; path = Info.plist; sourceTree = "<group>"; };
		E9BC8094203834D200DDDC5B /* PlayViewController.swift */ = {isa = PBXFileReference; lastKnownFileType = sourcecode.swift; path = PlayViewController.swift; sourceTree = "<group>"; };
		E9BC8096203834DE00DDDC5B /* RankingViewController.swift */ = {isa = PBXFileReference; lastKnownFileType = sourcecode.swift; path = RankingViewController.swift; sourceTree = "<group>"; };
		E9BC80982038376500DDDC5B /* ResultViewController.swift */ = {isa = PBXFileReference; lastKnownFileType = sourcecode.swift; path = ResultViewController.swift; sourceTree = "<group>"; };
		E9BC809A2038397600DDDC5B /* shinokin.jpg */ = {isa = PBXFileReference; lastKnownFileType = image.jpeg; path = shinokin.jpg; sourceTree = "<group>"; };
/* End PBXFileReference section */

/* Begin PBXFrameworksBuildPhase section */
		E9BC805E2038323500DDDC5B /* Frameworks */ = {
			isa = PBXFrameworksBuildPhase;
			buildActionMask = 2147483647;
			files = (
			);
			runOnlyForDeploymentPostprocessing = 0;
		};
		E9BC80722038323500DDDC5B /* Frameworks */ = {
			isa = PBXFrameworksBuildPhase;
			buildActionMask = 2147483647;
			files = (
			);
			runOnlyForDeploymentPostprocessing = 0;
		};
		E9BC807D2038323600DDDC5B /* Frameworks */ = {
			isa = PBXFrameworksBuildPhase;
			buildActionMask = 2147483647;
			files = (
			);
			runOnlyForDeploymentPostprocessing = 0;
		};
/* End PBXFrameworksBuildPhase section */

/* Begin PBXGroup section */
		E9BC80582038323500DDDC5B = {
			isa = PBXGroup;
			children = (
				E9BC80632038323500DDDC5B /* Quiz */,
				E9BC80782038323600DDDC5B /* QuizTests */,
				E9BC80832038323600DDDC5B /* QuizUITests */,
				E9BC80622038323500DDDC5B /* Products */,
			);
			sourceTree = "<group>";
		};
		E9BC80622038323500DDDC5B /* Products */ = {
			isa = PBXGroup;
			children = (
				E9BC80612038323500DDDC5B /* Quiz.app */,
				E9BC80752038323500DDDC5B /* QuizTests.xctest */,
				E9BC80802038323600DDDC5B /* QuizUITests.xctest */,
			);
			name = Products;
			sourceTree = "<group>";
		};
		E9BC80632038323500DDDC5B /* Quiz */ = {
			isa = PBXGroup;
			children = (
				E9BC809A2038397600DDDC5B /* shinokin.jpg */,
				E9BC80642038323500DDDC5B /* AppDelegate.swift */,
				E9BC80662038323500DDDC5B /* ViewController.swift */,
				E9BC80682038323500DDDC5B /* Main.storyboard */,
				E9BC806B2038323500DDDC5B /* Assets.xcassets */,
				E9BC806D2038323500DDDC5B /* LaunchScreen.storyboard */,
				E9BC80702038323500DDDC5B /* Info.plist */,
				E9BC8094203834D200DDDC5B /* PlayViewController.swift */,
				E9BC8096203834DE00DDDC5B /* RankingViewController.swift */,
				E9BC80982038376500DDDC5B /* ResultViewController.swift */,
			);
			path = Quiz;
			sourceTree = "<group>";
		};
		E9BC80782038323600DDDC5B /* QuizTests */ = {
			isa = PBXGroup;
			children = (
				E9BC80792038323600DDDC5B /* QuizTests.swift */,
				E9BC807B2038323600DDDC5B /* Info.plist */,
			);
			path = QuizTests;
			sourceTree = "<group>";
		};
		E9BC80832038323600DDDC5B /* QuizUITests */ = {
			isa = PBXGroup;
			children = (
				E9BC80842038323600DDDC5B /* QuizUITests.swift */,
				E9BC80862038323600DDDC5B /* Info.plist */,
			);
			path = QuizUITests;
			sourceTree = "<group>";
		};
/* End PBXGroup section */

/* Begin PBXNativeTarget section */
		E9BC80602038323500DDDC5B /* Quiz */ = {
			isa = PBXNativeTarget;
			buildConfigurationList = E9BC80892038323600DDDC5B /* Build configuration list for PBXNativeTarget "Quiz" */;
			buildPhases = (
				E9BC805D2038323500DDDC5B /* Sources */,
				E9BC805E2038323500DDDC5B /* Frameworks */,
				E9BC805F2038323500DDDC5B /* Resources */,
			);
			buildRules = (
			);
			dependencies = (
			);
			name = Quiz;
			productName = Quiz;
			productReference = E9BC80612038323500DDDC5B /* Quiz.app */;
			productType = "com.apple.product-type.application";
		};
		E9BC80742038323500DDDC5B /* QuizTests */ = {
			isa = PBXNativeTarget;
			buildConfigurationList = E9BC808C2038323600DDDC5B /* Build configuration list for PBXNativeTarget "QuizTests" */;
			buildPhases = (
				E9BC80712038323500DDDC5B /* Sources */,
				E9BC80722038323500DDDC5B /* Frameworks */,
				E9BC80732038323500DDDC5B /* Resources */,
			);
			buildRules = (
			);
			dependencies = (
				E9BC80772038323500DDDC5B /* PBXTargetDependency */,
			);
			name = QuizTests;
			productName = QuizTests;
			productReference = E9BC80752038323500DDDC5B /* QuizTests.xctest */;
			productType = "com.apple.product-type.bundle.unit-test";
		};
		E9BC807F2038323600DDDC5B /* QuizUITests */ = {
			isa = PBXNativeTarget;
			buildConfigurationList = E9BC808F2038323600DDDC5B /* Build configuration list for PBXNativeTarget "QuizUITests" */;
			buildPhases = (
				E9BC807C2038323600DDDC5B /* Sources */,
				E9BC807D2038323600DDDC5B /* Frameworks */,
				E9BC807E2038323600DDDC5B /* Resources */,
			);
			buildRules = (
			);
			dependencies = (
				E9BC80822038323600DDDC5B /* PBXTargetDependency */,
			);
			name = QuizUITests;
			productName = QuizUITests;
			productReference = E9BC80802038323600DDDC5B /* QuizUITests.xctest */;
			productType = "com.apple.product-type.bundle.ui-testing";
		};
/* End PBXNativeTarget section */

/* Begin PBXProject section */
		E9BC80592038323500DDDC5B /* Project object */ = {
			isa = PBXProject;
			attributes = {
				LastSwiftUpdateCheck = 0920;
				LastUpgradeCheck = 0920;
				ORGANIZATIONNAME = "Haruka Ito";
				TargetAttributes = {
					E9BC80602038323500DDDC5B = {
						CreatedOnToolsVersion = 9.2;
						ProvisioningStyle = Automatic;
					};
					E9BC80742038323500DDDC5B = {
						CreatedOnToolsVersion = 9.2;
						ProvisioningStyle = Automatic;
						TestTargetID = E9BC80602038323500DDDC5B;
					};
					E9BC807F2038323600DDDC5B = {
						CreatedOnToolsVersion = 9.2;
						ProvisioningStyle = Automatic;
						TestTargetID = E9BC80602038323500DDDC5B;
					};
				};
			};
			buildConfigurationList = E9BC805C2038323500DDDC5B /* Build configuration list for PBXProject "Quiz" */;
			compatibilityVersion = "Xcode 8.0";
			developmentRegion = en;
			hasScannedForEncodings = 0;
			knownRegions = (
				en,
				Base,
			);
			mainGroup = E9BC80582038323500DDDC5B;
			productRefGroup = E9BC80622038323500DDDC5B /* Products */;
			projectDirPath = "";
			projectRoot = "";
			targets = (
				E9BC80602038323500DDDC5B /* Quiz */,
				E9BC80742038323500DDDC5B /* QuizTests */,
				E9BC807F2038323600DDDC5B /* QuizUITests */,
			);
		};
/* End PBXProject section */

/* Begin PBXResourcesBuildPhase section */
		E9BC805F2038323500DDDC5B /* Resources */ = {
			isa = PBXResourcesBuildPhase;
			buildActionMask = 2147483647;
			files = (
				E9BC806F2038323500DDDC5B /* LaunchScreen.storyboard in Resources */,
				E9BC806C2038323500DDDC5B /* Assets.xcassets in Resources */,
				E9BC809B2038397700DDDC5B /* shinokin.jpg in Resources */,
				E9BC806A2038323500DDDC5B /* Main.storyboard in Resources */,
			);
			runOnlyForDeploymentPostprocessing = 0;
		};
		E9BC80732038323500DDDC5B /* Resources */ = {
			isa = PBXResourcesBuildPhase;
			buildActionMask = 2147483647;
			files = (
			);
			runOnlyForDeploymentPostprocessing = 0;
		};
		E9BC807E2038323600DDDC5B /* Resources */ = {
			isa = PBXResourcesBuildPhase;
			buildActionMask = 2147483647;
			files = (
			);
			runOnlyForDeploymentPostprocessing = 0;
		};
/* End PBXResourcesBuildPhase section */

/* Begin PBXSourcesBuildPhase section */
		E9BC805D2038323500DDDC5B /* Sources */ = {
			isa = PBXSourcesBuildPhase;
			buildActionMask = 2147483647;
			files = (
				E9BC8097203834DE00DDDC5B /* RankingViewController.swift in Sources */,
				E9BC8095203834D200DDDC5B /* PlayViewController.swift in Sources */,
				E9BC80672038323500DDDC5B /* ViewController.swift in Sources */,
				E9BC80652038323500DDDC5B /* AppDelegate.swift in Sources */,
				E9BC80992038376500DDDC5B /* ResultViewController.swift in Sources */,
			);
			runOnlyForDeploymentPostprocessing = 0;
		};
		E9BC80712038323500DDDC5B /* Sources */ = {
			isa = PBXSourcesBuildPhase;
			buildActionMask = 2147483647;
			files = (
				E9BC807A2038323600DDDC5B /* QuizTests.swift in Sources */,
			);
			runOnlyForDeploymentPostprocessing = 0;
		};
		E9BC807C2038323600DDDC5B /* Sources */ = {
			isa = PBXSourcesBuildPhase;
			buildActionMask = 2147483647;
			files = (
				E9BC80852038323600DDDC5B /* QuizUITests.swift in Sources */,
			);
			runOnlyForDeploymentPostprocessing = 0;
		};
/* End PBXSourcesBuildPhase section */

/* Begin PBXTargetDependency section */
		E9BC80772038323500DDDC5B /* PBXTargetDependency */ = {
			isa = PBXTargetDependency;
			target = E9BC80602038323500DDDC5B /* Quiz */;
			targetProxy = E9BC80762038323500DDDC5B /* PBXContainerItemProxy */;
		};
		E9BC80822038323600DDDC5B /* PBXTargetDependency */ = {
			isa = PBXTargetDependency;
			target = E9BC80602038323500DDDC5B /* Quiz */;
			targetProxy = E9BC80812038323600DDDC5B /* PBXContainerItemProxy */;
		};
/* End PBXTargetDependency section */

/* Begin PBXVariantGroup section */
		E9BC80682038323500DDDC5B /* Main.storyboard */ = {
			isa = PBXVariantGroup;
			children = (
				E9BC80692038323500DDDC5B /* Base */,
			);
			name = Main.storyboard;
			sourceTree = "<group>";
		};
		E9BC806D2038323500DDDC5B /* LaunchScreen.storyboard */ = {
			isa = PBXVariantGroup;
			children = (
				E9BC806E2038323500DDDC5B /* Base */,
			);
			name = LaunchScreen.storyboard;
			sourceTree = "<group>";
		};
/* End PBXVariantGroup section */

/* Begin XCBuildConfiguration section */
		E9BC80872038323600DDDC5B /* Debug */ = {
			isa = XCBuildConfiguration;
			buildSettings = {
				ALWAYS_SEARCH_USER_PATHS = NO;
				CLANG_ANALYZER_NONNULL = YES;
				CLANG_ANALYZER_NUMBER_OBJECT_CONVERSION = YES_AGGRESSIVE;
				CLANG_CXX_LANGUAGE_STANDARD = "gnu++14";
				CLANG_CXX_LIBRARY = "libc++";
				CLANG_ENABLE_MODULES = YES;
				CLANG_ENABLE_OBJC_ARC = YES;
				CLANG_WARN_BLOCK_CAPTURE_AUTORELEASING = YES;
				CLANG_WARN_BOOL_CONVERSION = YES;
				CLANG_WARN_COMMA = YES;
				CLANG_WARN_CONSTANT_CONVERSION = YES;
				CLANG_WARN_DIRECT_OBJC_ISA_USAGE = YES_ERROR;
				CLANG_WARN_DOCUMENTATION_COMMENTS = YES;
				CLANG_WARN_EMPTY_BODY = YES;
				CLANG_WARN_ENUM_CONVERSION = YES;
				CLANG_WARN_INFINITE_RECURSION = YES;
				CLANG_WARN_INT_CONVERSION = YES;
				CLANG_WARN_NON_LITERAL_NULL_CONVERSION = YES;
				CLANG_WARN_OBJC_LITERAL_CONVERSION = YES;
				CLANG_WARN_OBJC_ROOT_CLASS = YES_ERROR;
				CLANG_WARN_RANGE_LOOP_ANALYSIS = YES;
				CLANG_WARN_STRICT_PROTOTYPES = YES;
				CLANG_WARN_SUSPICIOUS_MOVE = YES;
				CLANG_WARN_UNGUARDED_AVAILABILITY = YES_AGGRESSIVE;
				CLANG_WARN_UNREACHABLE_CODE = YES;
				CLANG_WARN__DUPLICATE_METHOD_MATCH = YES;
				CODE_SIGN_IDENTITY = "iPhone Developer";
				COPY_PHASE_STRIP = NO;
				DEBUG_INFORMATION_FORMAT = dwarf;
				ENABLE_STRICT_OBJC_MSGSEND = YES;
				ENABLE_TESTABILITY = YES;
				GCC_C_LANGUAGE_STANDARD = gnu11;
				GCC_DYNAMIC_NO_PIC = NO;
				GCC_NO_COMMON_BLOCKS = YES;
				GCC_OPTIMIZATION_LEVEL = 0;
				GCC_PREPROCESSOR_DEFINITIONS = (
					"DEBUG=1",
					"$(inherited)",
				);
				GCC_WARN_64_TO_32_BIT_CONVERSION = YES;
				GCC_WARN_ABOUT_RETURN_TYPE = YES_ERROR;
				GCC_WARN_UNDECLARED_SELECTOR = YES;
				GCC_WARN_UNINITIALIZED_AUTOS = YES_AGGRESSIVE;
				GCC_WARN_UNUSED_FUNCTION = YES;
				GCC_WARN_UNUSED_VARIABLE = YES;
				IPHONEOS_DEPLOYMENT_TARGET = 11.2;
				MTL_ENABLE_DEBUG_INFO = YES;
				ONLY_ACTIVE_ARCH = YES;
				SDKROOT = iphoneos;
				SWIFT_ACTIVE_COMPILATION_CONDITIONS = DEBUG;
				SWIFT_OPTIMIZATION_LEVEL = "-Onone";
			};
			name = Debug;
		};
		E9BC80882038323600DDDC5B /* Release */ = {
			isa = XCBuildConfiguration;
			buildSettings = {
				ALWAYS_SEARCH_USER_PATHS = NO;
				CLANG_ANALYZER_NONNULL = YES;
				CLANG_ANALYZER_NUMBER_OBJECT_CONVERSION = YES_AGGRESSIVE;
				CLANG_CXX_LANGUAGE_STANDARD = "gnu++14";
				CLANG_CXX_LIBRARY = "libc++";
				CLANG_ENABLE_MODULES = YES;
				CLANG_ENABLE_OBJC_ARC = YES;
				CLANG_WARN_BLOCK_CAPTURE_AUTORELEASING = YES;
				CLANG_WARN_BOOL_CONVERSION = YES;
				CLANG_WARN_COMMA = YES;
				CLANG_WARN_CONSTANT_CONVERSION = YES;
				CLANG_WARN_DIRECT_OBJC_ISA_USAGE = YES_ERROR;
				CLANG_WARN_DOCUMENTATION_COMMENTS = YES;
				CLANG_WARN_EMPTY_BODY = YES;
				CLANG_WARN_ENUM_CONVERSION = YES;
				CLANG_WARN_INFINITE_RECURSION = YES;
				CLANG_WARN_INT_CONVERSION = YES;
				CLANG_WARN_NON_LITERAL_NULL_CONVERSION = YES;
				CLANG_WARN_OBJC_LITERAL_CONVERSION = YES;
				CLANG_WARN_OBJC_ROOT_CLASS = YES_ERROR;
				CLANG_WARN_RANGE_LOOP_ANALYSIS = YES;
				CLANG_WARN_STRICT_PROTOTYPES = YES;
				CLANG_WARN_SUSPICIOUS_MOVE = YES;
				CLANG_WARN_UNGUARDED_AVAILABILITY = YES_AGGRESSIVE;
				CLANG_WARN_UNREACHABLE_CODE = YES;
				CLANG_WARN__DUPLICATE_METHOD_MATCH = YES;
				CODE_SIGN_IDENTITY = "iPhone Developer";
				COPY_PHASE_STRIP = NO;
				DEBUG_INFORMATION_FORMAT = "dwarf-with-dsym";
				ENABLE_NS_ASSERTIONS = NO;
				ENABLE_STRICT_OBJC_MSGSEND = YES;
				GCC_C_LANGUAGE_STANDARD = gnu11;
				GCC_NO_COMMON_BLOCKS = YES;
				GCC_WARN_64_TO_32_BIT_CONVERSION = YES;
				GCC_WARN_ABOUT_RETURN_TYPE = YES_ERROR;
				GCC_WARN_UNDECLARED_SELECTOR = YES;
				GCC_WARN_UNINITIALIZED_AUTOS = YES_AGGRESSIVE;
				GCC_WARN_UNUSED_FUNCTION = YES;
				GCC_WARN_UNUSED_VARIABLE = YES;
				IPHONEOS_DEPLOYMENT_TARGET = 11.2;
				MTL_ENABLE_DEBUG_INFO = NO;
				SDKROOT = iphoneos;
				SWIFT_OPTIMIZATION_LEVEL = "-Owholemodule";
				VALIDATE_PRODUCT = YES;
			};
			name = Release;
		};
		E9BC808A2038323600DDDC5B /* Debug */ = {
			isa = XCBuildConfiguration;
			buildSettings = {
				ASSETCATALOG_COMPILER_APPICON_NAME = AppIcon;
				CODE_SIGN_STYLE = Automatic;
				INFOPLIST_FILE = Quiz/Info.plist;
				LD_RUNPATH_SEARCH_PATHS = "$(inherited) @executable_path/Frameworks";
				PRODUCT_BUNDLE_IDENTIFIER = com.litech.Quiz;
				PRODUCT_NAME = "$(TARGET_NAME)";
				SWIFT_VERSION = 4.0;
				TARGETED_DEVICE_FAMILY = "1,2";
			};
			name = Debug;
		};
		E9BC808B2038323600DDDC5B /* Release */ = {
			isa = XCBuildConfiguration;
			buildSettings = {
				ASSETCATALOG_COMPILER_APPICON_NAME = AppIcon;
				CODE_SIGN_STYLE = Automatic;
				INFOPLIST_FILE = Quiz/Info.plist;
				LD_RUNPATH_SEARCH_PATHS = "$(inherited) @executable_path/Frameworks";
				PRODUCT_BUNDLE_IDENTIFIER = com.litech.Quiz;
				PRODUCT_NAME = "$(TARGET_NAME)";
				SWIFT_VERSION = 4.0;
				TARGETED_DEVICE_FAMILY = "1,2";
			};
			name = Release;
		};
		E9BC808D2038323600DDDC5B /* Debug */ = {
			isa = XCBuildConfiguration;
			buildSettings = {
				ALWAYS_EMBED_SWIFT_STANDARD_LIBRARIES = YES;
				BUNDLE_LOADER = "$(TEST_HOST)";
				CODE_SIGN_STYLE = Automatic;
				INFOPLIST_FILE = QuizTests/Info.plist;
				LD_RUNPATH_SEARCH_PATHS = "$(inherited) @executable_path/Frameworks @loader_path/Frameworks";
				PRODUCT_BUNDLE_IDENTIFIER = com.litech.QuizTests;
				PRODUCT_NAME = "$(TARGET_NAME)";
				SWIFT_VERSION = 4.0;
				TARGETED_DEVICE_FAMILY = "1,2";
				TEST_HOST = "$(BUILT_PRODUCTS_DIR)/Quiz.app/Quiz";
			};
			name = Debug;
		};
		E9BC808E2038323600DDDC5B /* Release */ = {
			isa = XCBuildConfiguration;
			buildSettings = {
				ALWAYS_EMBED_SWIFT_STANDARD_LIBRARIES = YES;
				BUNDLE_LOADER = "$(TEST_HOST)";
				CODE_SIGN_STYLE = Automatic;
				INFOPLIST_FILE = QuizTests/Info.plist;
				LD_RUNPATH_SEARCH_PATHS = "$(inherited) @executable_path/Frameworks @loader_path/Frameworks";
				PRODUCT_BUNDLE_IDENTIFIER = com.litech.QuizTests;
				PRODUCT_NAME = "$(TARGET_NAME)";
				SWIFT_VERSION = 4.0;
				TARGETED_DEVICE_FAMILY = "1,2";
				TEST_HOST = "$(BUILT_PRODUCTS_DIR)/Quiz.app/Quiz";
			};
			name = Release;
		};
		E9BC80902038323600DDDC5B /* Debug */ = {
			isa = XCBuildConfiguration;
			buildSettings = {
				ALWAYS_EMBED_SWIFT_STANDARD_LIBRARIES = YES;
				CODE_SIGN_STYLE = Automatic;
				INFOPLIST_FILE = QuizUITests/Info.plist;
				LD_RUNPATH_SEARCH_PATHS = "$(inherited) @executable_path/Frameworks @loader_path/Frameworks";
				PRODUCT_BUNDLE_IDENTIFIER = com.litech.QuizUITests;
				PRODUCT_NAME = "$(TARGET_NAME)";
				SWIFT_VERSION = 4.0;
				TARGETED_DEVICE_FAMILY = "1,2";
				TEST_TARGET_NAME = Quiz;
			};
			name = Debug;
		};
		E9BC80912038323600DDDC5B /* Release */ = {
			isa = XCBuildConfiguration;
			buildSettings = {
				ALWAYS_EMBED_SWIFT_STANDARD_LIBRARIES = YES;
				CODE_SIGN_STYLE = Automatic;
				INFOPLIST_FILE = QuizUITests/Info.plist;
				LD_RUNPATH_SEARCH_PATHS = "$(inherited) @executable_path/Frameworks @loader_path/Frameworks";
				PRODUCT_BUNDLE_IDENTIFIER = com.litech.QuizUITests;
				PRODUCT_NAME = "$(TARGET_NAME)";
				SWIFT_VERSION = 4.0;
				TARGETED_DEVICE_FAMILY = "1,2";
				TEST_TARGET_NAME = Quiz;
			};
			name = Release;
		};
/* End XCBuildConfiguration section */

/* Begin XCConfigurationList section */
		E9BC805C2038323500DDDC5B /* Build configuration list for PBXProject "Quiz" */ = {
			isa = XCConfigurationList;
			buildConfigurations = (
				E9BC80872038323600DDDC5B /* Debug */,
				E9BC80882038323600DDDC5B /* Release */,
			);
			defaultConfigurationIsVisible = 0;
			defaultConfigurationName = Release;
		};
		E9BC80892038323600DDDC5B /* Build configuration list for PBXNativeTarget "Quiz" */ = {
			isa = XCConfigurationList;
			buildConfigurations = (
				E9BC808A2038323600DDDC5B /* Debug */,
				E9BC808B2038323600DDDC5B /* Release */,
			);
			defaultConfigurationIsVisible = 0;
			defaultConfigurationName = Release;
		};
		E9BC808C2038323600DDDC5B /* Build configuration list for PBXNativeTarget "QuizTests" */ = {
			isa = XCConfigurationList;
			buildConfigurations = (
				E9BC808D2038323600DDDC5B /* Debug */,
				E9BC808E2038323600DDDC5B /* Release */,
			);
			defaultConfigurationIsVisible = 0;
			defaultConfigurationName = Release;
		};
		E9BC808F2038323600DDDC5B /* Build configuration list for PBXNativeTarget "QuizUITests" */ = {
			isa = XCConfigurationList;
			buildConfigurations = (
				E9BC80902038323600DDDC5B /* Debug */,
				E9BC80912038323600DDDC5B /* Release */,
			);
			defaultConfigurationIsVisible = 0;
			defaultConfigurationName = Release;
		};
/* End XCConfigurationList section */
	};
	rootObject = E9BC80592038323500DDDC5B /* Project object */;
}
